
Microsoft Visual Studio Solution File, Format Version 12.00
# Visual Studio Version 17
VisualStudioVersion = 17.0.31903.59
MinimumVisualStudioVersion = 10.0.40219.1
Project("{2150E333-8FDC-42A3-9474-1A3956D46DE8}") = "src", "src", "{827E0CD3-B72D-47B6-A68D-7590B98EB39B}"
EndProject
Project("{2150E333-8FDC-42A3-9474-1A3956D46DE8}") = "Api", "Api", "{81034408-37C8-1011-444E-4C15C2FADA8E}"
EndProject
Project("{FAE04EC0-301F-11D3-BF4B-00C04F79EFBC}") = "Millet.Api", "src\Api\Millet.Api.csproj", "{7FC3923C-1361-469C-94FE-CE1A055FE765}"
EndProject
Project("{FAE04EC0-301F-11D3-BF4B-00C04F79EFBC}") = "Millet.Identidad", "src\Identidad\Millet.Identidad.csproj", "{622AB145-E650-4C63-97B4-F0720B1E6C73}"
EndProject
Project("{FAE04EC0-301F-11D3-BF4B-00C04F79EFBC}") = "Millet.Identidad.UnitTests", "tests\Identidad.UnitTests\Millet.Identidad.UnitTests.csproj", "{09D86182-DF48-4FD9-A08F-35ADBBCF4124}"
EndProject
Project("{FAE04EC0-301F-11D3-BF4B-00C04F79EFBC}") = "Millet.Api.IntegrationTests", "tests\Api.IntegrationTests\Millet.Api.IntegrationTests.csproj", "{33EA8879-E04B-49BB-A6AC-4D2999BB56E9}"
EndProject
Project("{2150E333-8FDC-42A3-9474-1A3956D46DE8}") = "SharedKernel", "SharedKernel", "{85F909CB-8F14-ECC8-BA9D-713D1771907F}"
EndProject
Project("{FAE04EC0-301F-11D3-BF4B-00C04F79EFBC}") = "Millet.SharedKernel", "src\SharedKernel\Millet.SharedKernel.csproj", "{2C1F1BB2-AF02-456F-8A5C-D2A645AAFB7D}"
EndProject
Project("{2150E333-8FDC-42A3-9474-1A3956D46DE8}") = "tests", "tests", "{0AB3BF05-4346-4AA6-1389-037BE0695223}"
EndProject
Project("{2150E333-8FDC-42A3-9474-1A3956D46DE8}") = "SharedKernel.UnitTests", "SharedKernel.UnitTests", "{7246171B-5582-0C20-853E-9F55F4080CD2}"
EndProject
Project("{FAE04EC0-301F-11D3-BF4B-00C04F79EFBC}") = "Millet.SharedKernel.UnitTests", "tests\SharedKernel.UnitTests\Millet.SharedKernel.UnitTests.csproj", "{63BADD73-A682-44B7-8CE6-C377788015A8}"
EndProject
Project("{FAE04EC0-301F-11D3-BF4B-00C04F79EFBC}") = "Millet.Compras", "src\Compras\Millet.Compras.csproj", "{ED2F3F96-0328-42A2-A208-A40B132DB669}"
EndProject
Project("{FAE04EC0-301F-11D3-BF4B-00C04F79EFBC}") = "Millet.Compras.UnitTests", "tests\Compras.UnitTests\Millet.Compras.UnitTests.csproj", "{00977A1F-9ACF-4E33-871D-D82B27B92199}"
EndProject
Project("{2150E333-8FDC-42A3-9474-1A3956D46DE8}") = "Compras.IntegrationTests", "Compras.IntegrationTests", "{BFE63D6D-7B34-7DB0-2003-DC76BAB4307B}"
EndProject
Project("{FAE04EC0-301F-11D3-BF4B-00C04F79EFBC}") = "Millet.Compras.IntegrationTests", "tests\Compras.IntegrationTests\Millet.Compras.IntegrationTests.csproj", "{6F4F48FA-BAF3-4887-8456-1B92276268C7}"
EndProject
Project("{2150E333-8FDC-42A3-9474-1A3956D46DE8}") = "Administracion", "Administracion", "{B7B0A6EA-6E13-57DB-3489-1AF858BB851A}"
EndProject
Project("{FAE04EC0-301F-11D3-BF4B-00C04F79EFBC}") = "Millet.Administracion", "src\Administracion\Millet.Administracion.csproj", "{783CC9E8-A5A5-423C-84C4-07C96012BD09}"
EndProject
Project("{FAE04EC0-301F-11D3-BF4B-00C04F79EFBC}") = "Millet.Catalogos", "src\Catalogos\Millet.Catalogos.csproj", "{B5A253F1-5522-4FF4-93A8-61268E2E20AF}"
EndProject
Project("{FAE04EC0-301F-11D3-BF4B-00C04F79EFBC}") = "Millet.DatosMaestros", "src\DatosMaestros\Millet.DatosMaestros.csproj", "{B6B0B6C3-FA43-4355-922C-083F4BF87233}"
EndProject
Project("{FAE04EC0-301F-11D3-BF4B-00C04F79EFBC}") = "Millet.Almacen", "src\Almacen\Millet.Almacen.csproj", "{43CBA502-75A5-4B3F-A867-63C5EBE6BE5A}"
EndProject
Project("{2150E333-8FDC-42A3-9474-1A3956D46DE8}") = "Compartido", "Compartido", "{75AED6F0-2F83-6A41-5A93-EC467CF700AD}"
EndProject
Project("{FAE04EC0-301F-11D3-BF4B-00C04F79EFBC}") = "Millet.Compartido", "src\Compartido\Millet.Compartido.csproj", "{16DD9F4D-D8A2-41BD-98E3-22ACA654A5AB}"
EndProject
Project("{2150E333-8FDC-42A3-9474-1A3956D46DE8}") = "Administracion.UnitTests", "Administracion.UnitTests", "{EA9BFCFF-D1C2-8A8C-BB6A-7DC5AA59A539}"
EndProject
Project("{FAE04EC0-301F-11D3-BF4B-00C04F79EFBC}") = "Millet.Administracion.UnitTests", "tests\Administracion.UnitTests\Millet.Administracion.UnitTests.csproj", "{AB727E1F-4F4D-4112-9C8C-843AFBB93634}"
EndProject
Project("{2150E333-8FDC-42A3-9474-1A3956D46DE8}") = "Integraciones.Aw", "Integraciones.Aw", "{7216DCF9-105F-F91C-25C5-1B38D100FAF2}"
EndProject
Project("{FAE04EC0-301F-11D3-BF4B-00C04F79EFBC}") = "Millet.Integraciones.Aw", "src\Integraciones.Aw\Millet.Integraciones.Aw.csproj", "{91ABDB34-255D-4A99-9168-A0748949C043}"
EndProject
Project("{2150E333-8FDC-42A3-9474-1A3956D46DE8}") = "Integraciones.Aw.UnitTests", "Integraciones.Aw.UnitTests", "{B5FE7A54-9F82-2A19-41BB-EADC1D03919B}"
EndProject
Project("{FAE04EC0-301F-11D3-BF4B-00C04F79EFBC}") = "Millet.Integraciones.Aw.UnitTests", "tests\Integraciones.Aw.UnitTests\Millet.Integraciones.Aw.UnitTests.csproj", "{15AFB2F2-ABF4-49D0-B053-E8C3C10B1800}"
EndProject
Project("{2150E333-8FDC-42A3-9474-1A3956D46DE8}") = "Integraciones.Aw.IntegrationTests", "Integraciones.Aw.IntegrationTests", "{4184268B-3652-C1F9-9FAE-41D551520428}"
EndProject
Project("{FAE04EC0-301F-11D3-BF4B-00C04F79EFBC}") = "Millet.Integraciones.Aw.IntegrationTests", "tests\Integraciones.Aw.IntegrationTests\Millet.Integraciones.Aw.IntegrationTests.csproj", "{77EBAC31-92C5-4979-AEE7-E3C29EC3A651}"
EndProject
Project("{2150E333-8FDC-42A3-9474-1A3956D46DE8}") = "CuentasPorPagar", "CuentasPorPagar", "{8CEBC608-D415-CA32-E24B-DC8C6EFC8720}"
EndProject
Project("{FAE04EC0-301F-11D3-BF4B-00C04F79EFBC}") = "Millet.CuentasPorPagar", "src\CuentasPorPagar\Millet.CuentasPorPagar.csproj", "{378D4C15-1620-40CA-B9FF-218138DAD585}"
EndProject
Project("{2150E333-8FDC-42A3-9474-1A3956D46DE8}") = "CuentasPorPagar.UnitTests", "CuentasPorPagar.UnitTests", "{CAD1A853-CECD-8149-DA75-E8054CF48A17}"
EndProject
Project("{FAE04EC0-301F-11D3-BF4B-00C04F79EFBC}") = "Millet.CuentasPorPagar.UnitTests", "tests\CuentasPorPagar.UnitTests\Millet.CuentasPorPagar.UnitTests.csproj", "{7B4D4BB3-61A9-4CCC-BCDE-B0B4C85E96B1}"
EndProject
Project("{2150E333-8FDC-42A3-9474-1A3956D46DE8}") = "Almacen.UnitTests", "Almacen.UnitTests", "{E41DEC42-BFF6-9CED-AB67-E20137678450}"
EndProject
Project("{FAE04EC0-301F-11D3-BF4B-00C04F79EFBC}") = "Millet.Almacen.UnitTests", "tests\Almacen.UnitTests\Millet.Almacen.UnitTests.csproj", "{28826EE6-7355-44E4-A23B-2875992CF07A}"
EndProject
Project("{2150E333-8FDC-42A3-9474-1A3956D46DE8}") = "Integraciones.Fiscal", "Integraciones.Fiscal", "{35625539-7BEF-985C-0FE7-9DD43CEA2E0A}"
EndProject
Project("{FAE04EC0-301F-11D3-BF4B-00C04F79EFBC}") = "Millet.Integraciones.Fiscal", "src\Integraciones.Fiscal\Millet.Integraciones.Fiscal.csproj", "{B3A7AFF3-3DF6-4C52-A512-64DA1E8903BE}"
EndProject
Project("{2150E333-8FDC-42A3-9474-1A3956D46DE8}") = "Integraciones.Fiscal.UnitTests", "Integraciones.Fiscal.UnitTests", "{2E730C98-DD41-3BD2-AE29-345A702DFDB9}"
EndProject
Project("{FAE04EC0-301F-11D3-BF4B-00C04F79EFBC}") = "Millet.Integraciones.Fiscal.UnitTests", "tests\Integraciones.Fiscal.UnitTests\Millet.Integraciones.Fiscal.UnitTests.csproj", "{28DA2D79-5FAB-44E7-9ECE-1A2D37B60C91}"
EndProject
Project("{2150E333-8FDC-42A3-9474-1A3956D46DE8}") = "Facturacion", "Facturacion", "{F07E7373-79FA-74F6-4D80-DED3D21536C0}"
EndProject
Project("{FAE04EC0-301F-11D3-BF4B-00C04F79EFBC}") = "Millet.Facturacion", "src\Facturacion\Millet.Facturacion.csproj", "{AF3B0DF7-83F7-4F34-8B6C-39974D6754C2}"
EndProject
Project("{2150E333-8FDC-42A3-9474-1A3956D46DE8}") = "Facturacion.UnitTests", "Facturacion.UnitTests", "{04A78337-A097-7645-722D-54F8EB5F3818}"
EndProject
Project("{FAE04EC0-301F-11D3-BF4B-00C04F79EFBC}") = "Millet.Facturacion.UnitTests", "tests\Facturacion.UnitTests\Millet.Facturacion.UnitTests.csproj", "{8BAD498E-1C81-4771-83C2-A3BCC654272C}"
EndProject
Project("{2150E333-8FDC-42A3-9474-1A3956D46DE8}") = "Catalogos.UnitTests", "Catalogos.UnitTests", "{9B8E9A5B-C7A1-437D-E649-E0DA4A117D30}"
EndProject
Project("{FAE04EC0-301F-11D3-BF4B-00C04F79EFBC}") = "Millet.Catalogos.UnitTests", "tests\Catalogos.UnitTests\Millet.Catalogos.UnitTests.csproj", "{0E34254D-E206-4DBF-8820-28BE8FAB9245}"
EndProject
Project("{2150E333-8FDC-42A3-9474-1A3956D46DE8}") = "CuentasPorCobrar", "CuentasPorCobrar", "{FD4040AC-49DA-E10C-A5FF-9C08D4F23D68}"
EndProject
Project("{FAE04EC0-301F-11D3-BF4B-00C04F79EFBC}") = "Millet.CuentasPorCobrar", "src\CuentasPorCobrar\Millet.CuentasPorCobrar.csproj", "{5C61A90B-AADE-4276-AB6F-2411D625A297}"
EndProject
Project("{2150E333-8FDC-42A3-9474-1A3956D46DE8}") = "CuentasPorCobrar.UnitTests", "CuentasPorCobrar.UnitTests", "{B991E685-C119-073A-68E2-E894843102A5}"
EndProject
Project("{FAE04EC0-301F-11D3-BF4B-00C04F79EFBC}") = "Millet.CuentasPorCobrar.UnitTests", "tests\CuentasPorCobrar.UnitTests\Millet.CuentasPorCobrar.UnitTests.csproj", "{A345991F-7654-4762-A2F7-9CE4C606B35E}"
EndProject
Project("{2150E333-8FDC-42A3-9474-1A3956D46DE8}") = "Tesoreria", "Tesoreria", "{F9E71619-1916-1B61-D14E-A45DC5109111}"
EndProject
Project("{FAE04EC0-301F-11D3-BF4B-00C04F79EFBC}") = "Millet.Tesoreria", "src\Tesoreria\Millet.Tesoreria.csproj", "{C7B8A8AA-4978-4D0D-BA5B-C6F1203FAFDB}"
EndProject
Project("{2150E333-8FDC-42A3-9474-1A3956D46DE8}") = "Tesoreria.UnitTests", "Tesoreria.UnitTests", "{DCDE4D2A-7218-DD54-6DD2-2E493817476E}"
EndProject
Project("{FAE04EC0-301F-11D3-BF4B-00C04F79EFBC}") = "Millet.Tesoreria.UnitTests", "tests\Tesoreria.UnitTests\Millet.Tesoreria.UnitTests.csproj", "{4B64E147-5B11-4D7C-BF18-B42EEBFE1388}"
EndProject
Project("{2150E333-8FDC-42A3-9474-1A3956D46DE8}") = "CentrosCosto", "CentrosCosto", "{50DCF7CB-040F-2226-2F5D-0E45A01B3282}"
EndProject
Project("{FAE04EC0-301F-11D3-BF4B-00C04F79EFBC}") = "Millet.CentrosCosto", "src\CentrosCosto\Millet.CentrosCosto.csproj", "{9A32C15F-41E9-4CE7-92BE-D0990695517A}"
EndProject
Global
	GlobalSection(SolutionConfigurationPlatforms) = preSolution
		Debug|Any CPU = Debug|Any CPU
		Debug|x64 = Debug|x64
		Debug|x86 = Debug|x86
		Release|Any CPU = Release|Any CPU
		Release|x64 = Release|x64
		Release|x86 = Release|x86
	EndGlobalSection
	GlobalSection(ProjectConfigurationPlatforms) = postSolution
		{7FC3923C-1361-469C-94FE-CE1A055FE765}.Debug|Any CPU.ActiveCfg = Debug|Any CPU
		{7FC3923C-1361-469C-94FE-CE1A055FE765}.Debug|Any CPU.Build.0 = Debug|Any CPU
		{7FC3923C-1361-469C-94FE-CE1A055FE765}.Debug|x64.ActiveCfg = Debug|Any CPU
		{7FC3923C-1361-469C-94FE-CE1A055FE765}.Debug|x64.Build.0 = Debug|Any CPU
		{7FC3923C-1361-469C-94FE-CE1A055FE765}.Debug|x86.ActiveCfg = Debug|Any CPU
		{7FC3923C-1361-469C-94FE-CE1A055FE765}.Debug|x86.Build.0 = Debug|Any CPU
		{7FC3923C-1361-469C-94FE-CE1A055FE765}.Release|Any CPU.ActiveCfg = Release|Any CPU
		{7FC3923C-1361-469C-94FE-CE1A055FE765}.Release|Any CPU.Build.0 = Release|Any CPU
		{7FC3923C-1361-469C-94FE-CE1A055FE765}.Release|x64.ActiveCfg = Release|Any CPU
		{7FC3923C-1361-469C-94FE-CE1A055FE765}.Release|x64.Build.0 = Release|Any CPU
		{7FC3923C-1361-469C-94FE-CE1A055FE765}.Release|x86.ActiveCfg = Release|Any CPU
		{7FC3923C-1361-469C-94FE-CE1A055FE765}.Release|x86.Build.0 = Release|Any CPU
		{622AB145-E650-4C63-97B4-F0720B1E6C73}.Debug|Any CPU.ActiveCfg = Debug|Any CPU
		{622AB145-E650-4C63-97B4-F0720B1E6C73}.Debug|Any CPU.Build.0 = Debug|Any CPU
		{622AB145-E650-4C63-97B4-F0720B1E6C73}.Debug|x64.ActiveCfg = Debug|Any CPU
		{622AB145-E650-4C63-97B4-F0720B1E6C73}.Debug|x64.Build.0 = Debug|Any CPU
		{622AB145-E650-4C63-97B4-F0720B1E6C73}.Debug|x86.ActiveCfg = Debug|Any CPU
		{622AB145-E650-4C63-97B4-F0720B1E6C73}.Debug|x86.Build.0 = Debug|Any CPU
		{622AB145-E650-4C63-97B4-F0720B1E6C73}.Release|Any CPU.ActiveCfg = Release|Any CPU
		{622AB145-E650-4C63-97B4-F0720B1E6C73}.Release|Any CPU.Build.0 = Release|Any CPU
		{622AB145-E650-4C63-97B4-F0720B1E6C73}.Release|x64.ActiveCfg = Release|Any CPU
		{622AB145-E650-4C63-97B4-F0720B1E6C73}.Release|x64.Build.0 = Release|Any CPU
		{622AB145-E650-4C63-97B4-F0720B1E6C73}.Release|x86.ActiveCfg = Release|Any CPU
		{622AB145-E650-4C63-97B4-F0720B1E6C73}.Release|x86.Build.0 = Release|Any CPU
		{09D86182-DF48-4FD9-A08F-35ADBBCF4124}.Debug|Any CPU.ActiveCfg = Debug|Any CPU
		{09D86182-DF48-4FD9-A08F-35ADBBCF4124}.Debug|Any CPU.Build.0 = Debug|Any CPU
		{09D86182-DF48-4FD9-A08F-35ADBBCF4124}.Debug|x64.ActiveCfg = Debug|Any CPU
		{09D86182-DF48-4FD9-A08F-35ADBBCF4124}.Debug|x64.Build.0 = Debug|Any CPU
		{09D86182-DF48-4FD9-A08F-35ADBBCF4124}.Debug|x86.ActiveCfg = Debug|Any CPU
		{09D86182-DF48-4FD9-A08F-35ADBBCF4124}.Debug|x86.Build.0 = Debug|Any CPU
		{09D86182-DF48-4FD9-A08F-35ADBBCF4124}.Release|Any CPU.ActiveCfg = Release|Any CPU
		{09D86182-DF48-4FD9-A08F-35ADBBCF4124}.Release|Any CPU.Build.0 = Release|Any CPU
		{09D86182-DF48-4FD9-A08F-35ADBBCF4124}.Release|x64.ActiveCfg = Release|Any CPU
		{09D86182-DF48-4FD9-A08F-35ADBBCF4124}.Release|x64.Build.0 = Release|Any CPU
		{09D86182-DF48-4FD9-A08F-35ADBBCF4124}.Release|x86.ActiveCfg = Release|Any CPU
		{09D86182-DF48-4FD9-A08F-35ADBBCF4124}.Release|x86.Build.0 = Release|Any CPU
		{33EA8879-E04B-49BB-A6AC-4D2999BB56E9}.Debug|Any CPU.ActiveCfg = Debug|Any CPU
		{33EA8879-E04B-49BB-A6AC-4D2999BB56E9}.Debug|Any CPU.Build.0 = Debug|Any CPU
		{33EA8879-E04B-49BB-A6AC-4D2999BB56E9}.Debug|x64.ActiveCfg = Debug|Any CPU
		{33EA8879-E04B-49BB-A6AC-4D2999BB56E9}.Debug|x64.Build.0 = Debug|Any CPU
		{33EA8879-E04B-49BB-A6AC-4D2999BB56E9}.Debug|x86.ActiveCfg = Debug|Any CPU
		{33EA8879-E04B-49BB-A6AC-4D2999BB56E9}.Debug|x86.Build.0 = Debug|Any CPU
		{33EA8879-E04B-49BB-A6AC-4D2999BB56E9}.Release|Any CPU.ActiveCfg = Release|Any CPU
		{33EA8879-E04B-49BB-A6AC-4D2999BB56E9}.Release|Any CPU.Build.0 = Release|Any CPU
		{33EA8879-E04B-49BB-A6AC-4D2999BB56E9}.Release|x64.ActiveCfg = Release|Any CPU
		{33EA8879-E04B-49BB-A6AC-4D2999BB56E9}.Release|x64.Build.0 = Release|Any CPU
		{33EA8879-E04B-49BB-A6AC-4D2999BB56E9}.Release|x86.ActiveCfg = Release|Any CPU
		{33EA8879-E04B-49BB-A6AC-4D2999BB56E9}.Release|x86.Build.0 = Release|Any CPU
		{2C1F1BB2-AF02-456F-8A5C-D2A645AAFB7D}.Debug|Any CPU.ActiveCfg = Debug|Any CPU
		{2C1F1BB2-AF02-456F-8A5C-D2A645AAFB7D}.Debug|Any CPU.Build.0 = Debug|Any CPU
		{2C1F1BB2-AF02-456F-8A5C-D2A645AAFB7D}.Debug|x64.ActiveCfg = Debug|Any CPU
		{2C1F1BB2-AF02-456F-8A5C-D2A645AAFB7D}.Debug|x64.Build.0 = Debug|Any CPU
		{2C1F1BB2-AF02-456F-8A5C-D2A645AAFB7D}.Debug|x86.ActiveCfg = Debug|Any CPU
		{2C1F1BB2-AF02-456F-8A5C-D2A645AAFB7D}.Debug|x86.Build.0 = Debug|Any CPU
		{2C1F1BB2-AF02-456F-8A5C-D2A645AAFB7D}.Release|Any CPU.ActiveCfg = Release|Any CPU
		{2C1F1BB2-AF02-456F-8A5C-D2A645AAFB7D}.Release|Any CPU.Build.0 = Release|Any CPU
		{2C1F1BB2-AF02-456F-8A5C-D2A645AAFB7D}.Release|x64.ActiveCfg = Release|Any CPU
		{2C1F1BB2-AF02-456F-8A5C-D2A645AAFB7D}.Release|x64.Build.0 = Release|Any CPU
		{2C1F1BB2-AF02-456F-8A5C-D2A645AAFB7D}.Release|x86.ActiveCfg = Release|Any CPU
		{2C1F1BB2-AF02-456F-8A5C-D2A645AAFB7D}.Release|x86.Build.0 = Release|Any CPU
		{63BADD73-A682-44B7-8CE6-C377788015A8}.Debug|Any CPU.ActiveCfg = Debug|Any CPU
		{63BADD73-A682-44B7-8CE6-C377788015A8}.Debug|Any CPU.Build.0 = Debug|Any CPU
		{63BADD73-A682-44B7-8CE6-C377788015A8}.Debug|x64.ActiveCfg = Debug|Any CPU
		{63BADD73-A682-44B7-8CE6-C377788015A8}.Debug|x64.Build.0 = Debug|Any CPU
		{63BADD73-A682-44B7-8CE6-C377788015A8}.Debug|x86.ActiveCfg = Debug|Any CPU
		{63BADD73-A682-44B7-8CE6-C377788015A8}.Debug|x86.Build.0 = Debug|Any CPU
		{63BADD73-A682-44B7-8CE6-C377788015A8}.Release|Any CPU.ActiveCfg = Release|Any CPU
		{63BADD73-A682-44B7-8CE6-C377788015A8}.Release|Any CPU.Build.0 = Release|Any CPU
		{63BADD73-A682-44B7-8CE6-C377788015A8}.Release|x64.ActiveCfg = Release|Any CPU
		{63BADD73-A682-44B7-8CE6-C377788015A8}.Release|x64.Build.0 = Release|Any CPU
		{63BADD73-A682-44B7-8CE6-C377788015A8}.Release|x86.ActiveCfg = Release|Any CPU
		{63BADD73-A682-44B7-8CE6-C377788015A8}.Release|x86.Build.0 = Release|Any CPU
		{ED2F3F96-0328-42A2-A208-A40B132DB669}.Debug|Any CPU.ActiveCfg = Debug|Any CPU
		{ED2F3F96-0328-42A2-A208-A40B132DB669}.Debug|Any CPU.Build.0 = Debug|Any CPU
		{ED2F3F96-0328-42A2-A208-A40B132DB669}.Debug|x64.ActiveCfg = Debug|Any CPU
		{ED2F3F96-0328-42A2-A208-A40B132DB669}.Debug|x64.Build.0 = Debug|Any CPU
		{ED2F3F96-0328-42A2-A208-A40B132DB669}.Debug|x86.ActiveCfg = Debug|Any CPU
		{ED2F3F96-0328-42A2-A208-A40B132DB669}.Debug|x86.Build.0 = Debug|Any CPU
		{ED2F3F96-0328-42A2-A208-A40B132DB669}.Release|Any CPU.ActiveCfg = Release|Any CPU
		{ED2F3F96-0328-42A2-A208-A40B132DB669}.Release|Any CPU.Build.0 = Release|Any CPU
		{ED2F3F96-0328-42A2-A208-A40B132DB669}.Release|x64.ActiveCfg = Release|Any CPU
		{ED2F3F96-0328-42A2-A208-A40B132DB669}.Release|x64.Build.0 = Release|Any CPU
		{ED2F3F96-0328-42A2-A208-A40B132DB669}.Release|x86.ActiveCfg = Release|Any CPU
		{ED2F3F96-0328-42A2-A208-A40B132DB669}.Release|x86.Build.0 = Release|Any CPU
		{00977A1F-9ACF-4E33-871D-D82B27B92199}.Debug|Any CPU.ActiveCfg = Debug|Any CPU
		{00977A1F-9ACF-4E33-871D-D82B27B92199}.Debug|Any CPU.Build.0 = Debug|Any CPU
		{00977A1F-9ACF-4E33-871D-D82B27B92199}.Debug|x64.ActiveCfg = Debug|Any CPU
		{00977A1F-9ACF-4E33-871D-D82B27B92199}.Debug|x64.Build.0 = Debug|Any CPU
		{00977A1F-9ACF-4E33-871D-D82B27B92199}.Debug|x86.ActiveCfg = Debug|Any CPU
		{00977A1F-9ACF-4E33-871D-D82B27B92199}.Debug|x86.Build.0 = Debug|Any CPU
		{00977A1F-9ACF-4E33-871D-D82B27B92199}.Release|Any CPU.ActiveCfg = Release|Any CPU
		{00977A1F-9ACF-4E33-871D-D82B27B92199}.Release|Any CPU.Build.0 = Release|Any CPU
		{00977A1F-9ACF-4E33-871D-D82B27B92199}.Release|x64.ActiveCfg = Release|Any CPU
		{00977A1F-9ACF-4E33-871D-D82B27B92199}.Release|x64.Build.0 = Release|Any CPU
		{00977A1F-9ACF-4E33-871D-D82B27B92199}.Release|x86.ActiveCfg = Release|Any CPU
		{00977A1F-9ACF-4E33-871D-D82B27B92199}.Release|x86.Build.0 = Release|Any CPU
		{6F4F48FA-BAF3-4887-8456-1B92276268C7}.Debug|Any CPU.ActiveCfg = Debug|Any CPU
		{6F4F48FA-BAF3-4887-8456-1B92276268C7}.Debug|Any CPU.Build.0 = Debug|Any CPU
		{6F4F48FA-BAF3-4887-8456-1B92276268C7}.Debug|x64.ActiveCfg = Debug|Any CPU
		{6F4F48FA-BAF3-4887-8456-1B92276268C7}.Debug|x64.Build.0 = Debug|Any CPU
		{6F4F48FA-BAF3-4887-8456-1B92276268C7}.Debug|x86.ActiveCfg = Debug|Any CPU
		{6F4F48FA-BAF3-4887-8456-1B92276268C7}.Debug|x86.Build.0 = Debug|Any CPU
		{6F4F48FA-BAF3-4887-8456-1B92276268C7}.Release|Any CPU.ActiveCfg = Release|Any CPU
		{6F4F48FA-BAF3-4887-8456-1B92276268C7}.Release|Any CPU.Build.0 = Release|Any CPU
		{6F4F48FA-BAF3-4887-8456-1B92276268C7}.Release|x64.ActiveCfg = Release|Any CPU
		{6F4F48FA-BAF3-4887-8456-1B92276268C7}.Release|x64.Build.0 = Release|Any CPU
		{6F4F48FA-BAF3-4887-8456-1B92276268C7}.Release|x86.ActiveCfg = Release|Any CPU
		{6F4F48FA-BAF3-4887-8456-1B92276268C7}.Release|x86.Build.0 = Release|Any CPU
		{783CC9E8-A5A5-423C-84C4-07C96012BD09}.Debug|Any CPU.ActiveCfg = Debug|Any CPU
		{783CC9E8-A5A5-423C-84C4-07C96012BD09}.Debug|Any CPU.Build.0 = Debug|Any CPU
		{783CC9E8-A5A5-423C-84C4-07C96012BD09}.Debug|x64.ActiveCfg = Debug|Any CPU
		{783CC9E8-A5A5-423C-84C4-07C96012BD09}.Debug|x64.Build.0 = Debug|Any CPU
		{783CC9E8-A5A5-423C-84C4-07C96012BD09}.Debug|x86.ActiveCfg = Debug|Any CPU
		{783CC9E8-A5A5-423C-84C4-07C96012BD09}.Debug|x86.Build.0 = Debug|Any CPU
		{783CC9E8-A5A5-423C-84C4-07C96012BD09}.Release|Any CPU.ActiveCfg = Release|Any CPU
		{783CC9E8-A5A5-423C-84C4-07C96012BD09}.Release|Any CPU.Build.0 = Release|Any CPU
		{783CC9E8-A5A5-423C-84C4-07C96012BD09}.Release|x64.ActiveCfg = Release|Any CPU
		{783CC9E8-A5A5-423C-84C4-07C96012BD09}.Release|x64.Build.0 = Release|Any CPU
		{783CC9E8-A5A5-423C-84C4-07C96012BD09}.Release|x86.ActiveCfg = Release|Any CPU
		{783CC9E8-A5A5-423C-84C4-07C96012BD09}.Release|x86.Build.0 = Release|Any CPU
		{B5A253F1-5522-4FF4-93A8-61268E2E20AF}.Debug|Any CPU.ActiveCfg = Debug|Any CPU
		{B5A253F1-5522-4FF4-93A8-61268E2E20AF}.Debug|Any CPU.Build.0 = Debug|Any CPU
		{B5A253F1-5522-4FF4-93A8-61268E2E20AF}.Debug|x64.ActiveCfg = Debug|Any CPU
		{B5A253F1-5522-4FF4-93A8-61268E2E20AF}.Debug|x64.Build.0 = Debug|Any CPU
		{B5A253F1-5522-4FF4-93A8-61268E2E20AF}.Debug|x86.ActiveCfg = Debug|Any CPU
		{B5A253F1-5522-4FF4-93A8-61268E2E20AF}.Debug|x86.Build.0 = Debug|Any CPU
		{B5A253F1-5522-4FF4-93A8-61268E2E20AF}.Release|Any CPU.ActiveCfg = Release|Any CPU
		{B5A253F1-5522-4FF4-93A8-61268E2E20AF}.Release|Any CPU.Build.0 = Release|Any CPU
		{B5A253F1-5522-4FF4-93A8-61268E2E20AF}.Release|x64.ActiveCfg = Release|Any CPU
		{B5A253F1-5522-4FF4-93A8-61268E2E20AF}.Release|x64.Build.0 = Release|Any CPU
		{B5A253F1-5522-4FF4-93A8-61268E2E20AF}.Release|x86.ActiveCfg = Release|Any CPU
		{B5A253F1-5522-4FF4-93A8-61268E2E20AF}.Release|x86.Build.0 = Release|Any CPU
		{B6B0B6C3-FA43-4355-922C-083F4BF87233}.Debug|Any CPU.ActiveCfg = Debug|Any CPU
		{B6B0B6C3-FA43-4355-922C-083F4BF87233}.Debug|Any CPU.Build.0 = Debug|Any CPU
		{B6B0B6C3-FA43-4355-922C-083F4BF87233}.Debug|x64.ActiveCfg = Debug|Any CPU
		{B6B0B6C3-FA43-4355-922C-083F4BF87233}.Debug|x64.Build.0 = Debug|Any CPU
		{B6B0B6C3-FA43-4355-922C-083F4BF87233}.Debug|x86.ActiveCfg = Debug|Any CPU
		{B6B0B6C3-FA43-4355-922C-083F4BF87233}.Debug|x86.Build.0 = Debug|Any CPU
		{B6B0B6C3-FA43-4355-922C-083F4BF87233}.Release|Any CPU.ActiveCfg = Release|Any CPU
		{B6B0B6C3-FA43-4355-922C-083F4BF87233}.Release|Any CPU.Build.0 = Release|Any CPU
		{B6B0B6C3-FA43-4355-922C-083F4BF87233}.Release|x64.ActiveCfg = Release|Any CPU
		{B6B0B6C3-FA43-4355-922C-083F4BF87233}.Release|x64.Build.0 = Release|Any CPU
		{B6B0B6C3-FA43-4355-922C-083F4BF87233}.Release|x86.ActiveCfg = Release|Any CPU
		{B6B0B6C3-FA43-4355-922C-083F4BF87233}.Release|x86.Build.0 = Release|Any CPU
		{43CBA502-75A5-4B3F-A867-63C5EBE6BE5A}.Debug|Any CPU.ActiveCfg = Debug|Any CPU
		{43CBA502-75A5-4B3F-A867-63C5EBE6BE5A}.Debug|Any CPU.Build.0 = Debug|Any CPU
		{43CBA502-75A5-4B3F-A867-63C5EBE6BE5A}.Debug|x64.ActiveCfg = Debug|Any CPU
		{43CBA502-75A5-4B3F-A867-63C5EBE6BE5A}.Debug|x64.Build.0 = Debug|Any CPU
		{43CBA502-75A5-4B3F-A867-63C5EBE6BE5A}.Debug|x86.ActiveCfg = Debug|Any CPU
		{43CBA502-75A5-4B3F-A867-63C5EBE6BE5A}.Debug|x86.Build.0 = Debug|Any CPU
		{43CBA502-75A5-4B3F-A867-63C5EBE6BE5A}.Release|Any CPU.ActiveCfg = Release|Any CPU
		{43CBA502-75A5-4B3F-A867-63C5EBE6BE5A}.Release|Any CPU.Build.0 = Release|Any CPU
		{43CBA502-75A5-4B3F-A867-63C5EBE6BE5A}.Release|x64.ActiveCfg = Release|Any CPU
		{43CBA502-75A5-4B3F-A867-63C5EBE6BE5A}.Release|x64.Build.0 = Release|Any CPU
		{43CBA502-75A5-4B3F-A867-63C5EBE6BE5A}.Release|x86.ActiveCfg = Release|Any CPU
		{43CBA502-75A5-4B3F-A867-63C5EBE6BE5A}.Release|x86.Build.0 = Release|Any CPU
		{16DD9F4D-D8A2-41BD-98E3-22ACA654A5AB}.Debug|Any CPU.ActiveCfg = Debug|Any CPU
		{16DD9F4D-D8A2-41BD-98E3-22ACA654A5AB}.Debug|Any CPU.Build.0 = Debug|Any CPU
		{16DD9F4D-D8A2-41BD-98E3-22ACA654A5AB}.Debug|x64.ActiveCfg = Debug|Any CPU
		{16DD9F4D-D8A2-41BD-98E3-22ACA654A5AB}.Debug|x64.Build.0 = Debug|Any CPU
		{16DD9F4D-D8A2-41BD-98E3-22ACA654A5AB}.Debug|x86.ActiveCfg = Debug|Any CPU
		{16DD9F4D-D8A2-41BD-98E3-22ACA654A5AB}.Debug|x86.Build.0 = Debug|Any CPU
		{16DD9F4D-D8A2-41BD-98E3-22ACA654A5AB}.Release|Any CPU.ActiveCfg = Release|Any CPU
		{16DD9F4D-D8A2-41BD-98E3-22ACA654A5AB}.Release|Any CPU.Build.0 = Release|Any CPU
		{16DD9F4D-D8A2-41BD-98E3-22ACA654A5AB}.Release|x64.ActiveCfg = Release|Any CPU
		{16DD9F4D-D8A2-41BD-98E3-22ACA654A5AB}.Release|x64.Build.0 = Release|Any CPU
		{16DD9F4D-D8A2-41BD-98E3-22ACA654A5AB}.Release|x86.ActiveCfg = Release|Any CPU
		{16DD9F4D-D8A2-41BD-98E3-22ACA654A5AB}.Release|x86.Build.0 = Release|Any CPU
		{AB727E1F-4F4D-4112-9C8C-843AFBB93634}.Debug|Any CPU.ActiveCfg = Debug|Any CPU
		{AB727E1F-4F4D-4112-9C8C-843AFBB93634}.Debug|Any CPU.Build.0 = Debug|Any CPU
		{AB727E1F-4F4D-4112-9C8C-843AFBB93634}.Debug|x64.ActiveCfg = Debug|Any CPU
		{AB727E1F-4F4D-4112-9C8C-843AFBB93634}.Debug|x64.Build.0 = Debug|Any CPU
		{AB727E1F-4F4D-4112-9C8C-843AFBB93634}.Debug|x86.ActiveCfg = Debug|Any CPU
		{AB727E1F-4F4D-4112-9C8C-843AFBB93634}.Debug|x86.Build.0 = Debug|Any CPU
		{AB727E1F-4F4D-4112-9C8C-843AFBB93634}.Release|Any CPU.ActiveCfg = Release|Any CPU
		{AB727E1F-4F4D-4112-9C8C-843AFBB93634}.Release|Any CPU.Build.0 = Release|Any CPU
		{AB727E1F-4F4D-4112-9C8C-843AFBB93634}.Release|x64.ActiveCfg = Release|Any CPU
		{AB727E1F-4F4D-4112-9C8C-843AFBB93634}.Release|x64.Build.0 = Release|Any CPU
		{AB727E1F-4F4D-4112-9C8C-843AFBB93634}.Release|x86.ActiveCfg = Release|Any CPU
		{AB727E1F-4F4D-4112-9C8C-843AFBB93634}.Release|x86.Build.0 = Release|Any CPU
		{91ABDB34-255D-4A99-9168-A0748949C043}.Debug|Any CPU.ActiveCfg = Debug|Any CPU
		{91ABDB34-255D-4A99-9168-A0748949C043}.Debug|Any CPU.Build.0 = Debug|Any CPU
		{91ABDB34-255D-4A99-9168-A0748949C043}.Debug|x64.ActiveCfg = Debug|Any CPU
		{91ABDB34-255D-4A99-9168-A0748949C043}.Debug|x64.Build.0 = Debug|Any CPU
		{91ABDB34-255D-4A99-9168-A0748949C043}.Debug|x86.ActiveCfg = Debug|Any CPU
		{91ABDB34-255D-4A99-9168-A0748949C043}.Debug|x86.Build.0 = Debug|Any CPU
		{91ABDB34-255D-4A99-9168-A0748949C043}.Release|Any CPU.ActiveCfg = Release|Any CPU
		{91ABDB34-255D-4A99-9168-A0748949C043}.Release|Any CPU.Build.0 = Release|Any CPU
		{91ABDB34-255D-4A99-9168-A0748949C043}.Release|x64.ActiveCfg = Release|Any CPU
		{91ABDB34-255D-4A99-9168-A0748949C043}.Release|x64.Build.0 = Release|Any CPU
		{91ABDB34-255D-4A99-9168-A0748949C043}.Release|x86.ActiveCfg = Release|Any CPU
		{91ABDB34-255D-4A99-9168-A0748949C043}.Release|x86.Build.0 = Release|Any CPU
		{15AFB2F2-ABF4-49D0-B053-E8C3C10B1800}.Debug|Any CPU.ActiveCfg = Debug|Any CPU
		{15AFB2F2-ABF4-49D0-B053-E8C3C10B1800}.Debug|Any CPU.Build.0 = Debug|Any CPU
		{15AFB2F2-ABF4-49D0-B053-E8C3C10B1800}.Debug|x64.ActiveCfg = Debug|Any CPU
		{15AFB2F2-ABF4-49D0-B053-E8C3C10B1800}.Debug|x64.Build.0 = Debug|Any CPU
		{15AFB2F2-ABF4-49D0-B053-E8C3C10B1800}.Debug|x86.ActiveCfg = Debug|Any CPU
		{15AFB2F2-ABF4-49D0-B053-E8C3C10B1800}.Debug|x86.Build.0 = Debug|Any CPU
		{15AFB2F2-ABF4-49D0-B053-E8C3C10B1800}.Release|Any CPU.ActiveCfg = Release|Any CPU
		{15AFB2F2-ABF4-49D0-B053-E8C3C10B1800}.Release|Any CPU.Build.0 = Release|Any CPU
		{15AFB2F2-ABF4-49D0-B053-E8C3C10B1800}.Release|x64.ActiveCfg = Release|Any CPU
		{15AFB2F2-ABF4-49D0-B053-E8C3C10B1800}.Release|x64.Build.0 = Release|Any CPU
		{15AFB2F2-ABF4-49D0-B053-E8C3C10B1800}.Release|x86.ActiveCfg = Release|Any CPU
		{15AFB2F2-ABF4-49D0-B053-E8C3C10B1800}.Release|x86.Build.0 = Release|Any CPU
		{77EBAC31-92C5-4979-AEE7-E3C29EC3A651}.Debug|Any CPU.ActiveCfg = Debug|Any CPU
		{77EBAC31-92C5-4979-AEE7-E3C29EC3A651}.Debug|Any CPU.Build.0 = Debug|Any CPU
		{77EBAC31-92C5-4979-AEE7-E3C29EC3A651}.Debug|x64.ActiveCfg = Debug|Any CPU
		{77EBAC31-92C5-4979-AEE7-E3C29EC3A651}.Debug|x64.Build.0 = Debug|Any CPU
		{77EBAC31-92C5-4979-AEE7-E3C29EC3A651}.Debug|x86.ActiveCfg = Debug|Any CPU
		{77EBAC31-92C5-4979-AEE7-E3C29EC3A651}.Debug|x86.Build.0 = Debug|Any CPU
		{77EBAC31-92C5-4979-AEE7-E3C29EC3A651}.Release|Any CPU.ActiveCfg = Release|Any CPU
		{77EBAC31-92C5-4979-AEE7-E3C29EC3A651}.Release|Any CPU.Build.0 = Release|Any CPU
		{77EBAC31-92C5-4979-AEE7-E3C29EC3A651}.Release|x64.ActiveCfg = Release|Any CPU
		{77EBAC31-92C5-4979-AEE7-E3C29EC3A651}.Release|x64.Build.0 = Release|Any CPU
		{77EBAC31-92C5-4979-AEE7-E3C29EC3A651}.Release|x86.ActiveCfg = Release|Any CPU
		{77EBAC31-92C5-4979-AEE7-E3C29EC3A651}.Release|x86.Build.0 = Release|Any CPU
		{378D4C15-1620-40CA-B9FF-218138DAD585}.Debug|Any CPU.ActiveCfg = Debug|Any CPU
		{378D4C15-1620-40CA-B9FF-218138DAD585}.Debug|Any CPU.Build.0 = Debug|Any CPU
		{378D4C15-1620-40CA-B9FF-218138DAD585}.Debug|x64.ActiveCfg = Debug|Any CPU
		{378D4C15-1620-40CA-B9FF-218138DAD585}.Debug|x64.Build.0 = Debug|Any CPU
		{378D4C15-1620-40CA-B9FF-218138DAD585}.Debug|x86.ActiveCfg = Debug|Any CPU
		{378D4C15-1620-40CA-B9FF-218138DAD585}.Debug|x86.Build.0 = Debug|Any CPU
		{378D4C15-1620-40CA-B9FF-218138DAD585}.Release|Any CPU.ActiveCfg = Release|Any CPU
		{378D4C15-1620-40CA-B9FF-218138DAD585}.Release|Any CPU.Build.0 = Release|Any CPU
		{378D4C15-1620-40CA-B9FF-218138DAD585}.Release|x64.ActiveCfg = Release|Any CPU
		{378D4C15-1620-40CA-B9FF-218138DAD585}.Release|x64.Build.0 = Release|Any CPU
		{378D4C15-1620-40CA-B9FF-218138DAD585}.Release|x86.ActiveCfg = Release|Any CPU
		{378D4C15-1620-40CA-B9FF-218138DAD585}.Release|x86.Build.0 = Release|Any CPU
		{7B4D4BB3-61A9-4CCC-BCDE-B0B4C85E96B1}.Debug|Any CPU.ActiveCfg = Debug|Any CPU
		{7B4D4BB3-61A9-4CCC-BCDE-B0B4C85E96B1}.Debug|Any CPU.Build.0 = Debug|Any CPU
		{7B4D4BB3-61A9-4CCC-BCDE-B0B4C85E96B1}.Debug|x64.ActiveCfg = Debug|Any CPU
		{7B4D4BB3-61A9-4CCC-BCDE-B0B4C85E96B1}.Debug|x64.Build.0 = Debug|Any CPU
		{7B4D4BB3-61A9-4CCC-BCDE-B0B4C85E96B1}.Debug|x86.ActiveCfg = Debug|Any CPU
		{7B4D4BB3-61A9-4CCC-BCDE-B0B4C85E96B1}.Debug|x86.Build.0 = Debug|Any CPU
		{7B4D4BB3-61A9-4CCC-BCDE-B0B4C85E96B1}.Release|Any CPU.ActiveCfg = Release|Any CPU
		{7B4D4BB3-61A9-4CCC-BCDE-B0B4C85E96B1}.Release|Any CPU.Build.0 = Release|Any CPU
		{7B4D4BB3-61A9-4CCC-BCDE-B0B4C85E96B1}.Release|x64.ActiveCfg = Release|Any CPU
		{7B4D4BB3-61A9-4CCC-BCDE-B0B4C85E96B1}.Release|x64.Build.0 = Release|Any CPU
		{7B4D4BB3-61A9-4CCC-BCDE-B0B4C85E96B1}.Release|x86.ActiveCfg = Release|Any CPU
		{7B4D4BB3-61A9-4CCC-BCDE-B0B4C85E96B1}.Release|x86.Build.0 = Release|Any CPU
		{28826EE6-7355-44E4-A23B-2875992CF07A}.Debug|Any CPU.ActiveCfg = Debug|Any CPU
		{28826EE6-7355-44E4-A23B-2875992CF07A}.Debug|Any CPU.Build.0 = Debug|Any CPU
		{28826EE6-7355-44E4-A23B-2875992CF07A}.Debug|x64.ActiveCfg = Debug|Any CPU
		{28826EE6-7355-44E4-A23B-2875992CF07A}.Debug|x64.Build.0 = Debug|Any CPU
		{28826EE6-7355-44E4-A23B-2875992CF07A}.Debug|x86.ActiveCfg = Debug|Any CPU
		{28826EE6-7355-44E4-A23B-2875992CF07A}.Debug|x86.Build.0 = Debug|Any CPU
		{28826EE6-7355-44E4-A23B-2875992CF07A}.Release|Any CPU.ActiveCfg = Release|Any CPU
		{28826EE6-7355-44E4-A23B-2875992CF07A}.Release|Any CPU.Build.0 = Release|Any CPU
		{28826EE6-7355-44E4-A23B-2875992CF07A}.Release|x64.ActiveCfg = Release|Any CPU
		{28826EE6-7355-44E4-A23B-2875992CF07A}.Release|x64.Build.0 = Release|Any CPU
		{28826EE6-7355-44E4-A23B-2875992CF07A}.Release|x86.ActiveCfg = Release|Any CPU
		{28826EE6-7355-44E4-A23B-2875992CF07A}.Release|x86.Build.0 = Release|Any CPU
		{B3A7AFF3-3DF6-4C52-A512-64DA1E8903BE}.Debug|Any CPU.ActiveCfg = Debug|Any CPU
		{B3A7AFF3-3DF6-4C52-A512-64DA1E8903BE}.Debug|Any CPU.Build.0 = Debug|Any CPU
		{B3A7AFF3-3DF6-4C52-A512-64DA1E8903BE}.Debug|x64.ActiveCfg = Debug|Any CPU
		{B3A7AFF3-3DF6-4C52-A512-64DA1E8903BE}.Debug|x64.Build.0 = Debug|Any CPU
		{B3A7AFF3-3DF6-4C52-A512-64DA1E8903BE}.Debug|x86.ActiveCfg = Debug|Any CPU
		{B3A7AFF3-3DF6-4C52-A512-64DA1E8903BE}.Debug|x86.Build.0 = Debug|Any CPU
		{B3A7AFF3-3DF6-4C52-A512-64DA1E8903BE}.Release|Any CPU.ActiveCfg = Release|Any CPU
		{B3A7AFF3-3DF6-4C52-A512-64DA1E8903BE}.Release|Any CPU.Build.0 = Release|Any CPU
		{B3A7AFF3-3DF6-4C52-A512-64DA1E8903BE}.Release|x64.ActiveCfg = Release|Any CPU
		{B3A7AFF3-3DF6-4C52-A512-64DA1E8903BE}.Release|x64.Build.0 = Release|Any CPU
		{B3A7AFF3-3DF6-4C52-A512-64DA1E8903BE}.Release|x86.ActiveCfg = Release|Any CPU
		{B3A7AFF3-3DF6-4C52-A512-64DA1E8903BE}.Release|x86.Build.0 = Release|Any CPU
		{28DA2D79-5FAB-44E7-9ECE-1A2D37B60C91}.Debug|Any CPU.ActiveCfg = Debug|Any CPU
		{28DA2D79-5FAB-44E7-9ECE-1A2D37B60C91}.Debug|Any CPU.Build.0 = Debug|Any CPU
		{28DA2D79-5FAB-44E7-9ECE-1A2D37B60C91}.Debug|x64.ActiveCfg = Debug|Any CPU
		{28DA2D79-5FAB-44E7-9ECE-1A2D37B60C91}.Debug|x64.Build.0 = Debug|Any CPU
		{28DA2D79-5FAB-44E7-9ECE-1A2D37B60C91}.Debug|x86.ActiveCfg = Debug|Any CPU
		{28DA2D79-5FAB-44E7-9ECE-1A2D37B60C91}.Debug|x86.Build.0 = Debug|Any CPU
		{28DA2D79-5FAB-44E7-9ECE-1A2D37B60C91}.Release|Any CPU.ActiveCfg = Release|Any CPU
		{28DA2D79-5FAB-44E7-9ECE-1A2D37B60C91}.Release|Any CPU.Build.0 = Release|Any CPU
		{28DA2D79-5FAB-44E7-9ECE-1A2D37B60C91}.Release|x64.ActiveCfg = Release|Any CPU
		{28DA2D79-5FAB-44E7-9ECE-1A2D37B60C91}.Release|x64.Build.0 = Release|Any CPU
		{28DA2D79-5FAB-44E7-9ECE-1A2D37B60C91}.Release|x86.ActiveCfg = Release|Any CPU
		{28DA2D79-5FAB-44E7-9ECE-1A2D37B60C91}.Release|x86.Build.0 = Release|Any CPU
		{AF3B0DF7-83F7-4F34-8B6C-39974D6754C2}.Debug|Any CPU.ActiveCfg = Debug|Any CPU
		{AF3B0DF7-83F7-4F34-8B6C-39974D6754C2}.Debug|Any CPU.Build.0 = Debug|Any CPU
		{AF3B0DF7-83F7-4F34-8B6C-39974D6754C2}.Debug|x64.ActiveCfg = Debug|Any CPU
		{AF3B0DF7-83F7-4F34-8B6C-39974D6754C2}.Debug|x64.Build.0 = Debug|Any CPU
		{AF3B0DF7-83F7-4F34-8B6C-39974D6754C2}.Debug|x86.ActiveCfg = Debug|Any CPU
		{AF3B0DF7-83F7-4F34-8B6C-39974D6754C2}.Debug|x86.Build.0 = Debug|Any CPU
		{AF3B0DF7-83F7-4F34-8B6C-39974D6754C2}.Release|Any CPU.ActiveCfg = Release|Any CPU
		{AF3B0DF7-83F7-4F34-8B6C-39974D6754C2}.Release|Any CPU.Build.0 = Release|Any CPU
		{AF3B0DF7-83F7-4F34-8B6C-39974D6754C2}.Release|x64.ActiveCfg = Release|Any CPU
		{AF3B0DF7-83F7-4F34-8B6C-39974D6754C2}.Release|x64.Build.0 = Release|Any CPU
		{AF3B0DF7-83F7-4F34-8B6C-39974D6754C2}.Release|x86.ActiveCfg = Release|Any CPU
		{AF3B0DF7-83F7-4F34-8B6C-39974D6754C2}.Release|x86.Build.0 = Release|Any CPU
		{8BAD498E-1C81-4771-83C2-A3BCC654272C}.Debug|Any CPU.ActiveCfg = Debug|Any CPU
		{8BAD498E-1C81-4771-83C2-A3BCC654272C}.Debug|Any CPU.Build.0 = Debug|Any CPU
		{8BAD498E-1C81-4771-83C2-A3BCC654272C}.Debug|x64.ActiveCfg = Debug|Any CPU
		{8BAD498E-1C81-4771-83C2-A3BCC654272C}.Debug|x64.Build.0 = Debug|Any CPU
		{8BAD498E-1C81-4771-83C2-A3BCC654272C}.Debug|x86.ActiveCfg = Debug|Any CPU
		{8BAD498E-1C81-4771-83C2-A3BCC654272C}.Debug|x86.Build.0 = Debug|Any CPU
		{8BAD498E-1C81-4771-83C2-A3BCC654272C}.Release|Any CPU.ActiveCfg = Release|Any CPU
		{8BAD498E-1C81-4771-83C2-A3BCC654272C}.Release|Any CPU.Build.0 = Release|Any CPU
		{8BAD498E-1C81-4771-83C2-A3BCC654272C}.Release|x64.ActiveCfg = Release|Any CPU
		{8BAD498E-1C81-4771-83C2-A3BCC654272C}.Release|x64.Build.0 = Release|Any CPU
		{8BAD498E-1C81-4771-83C2-A3BCC654272C}.Release|x86.ActiveCfg = Release|Any CPU
		{8BAD498E-1C81-4771-83C2-A3BCC654272C}.Release|x86.Build.0 = Release|Any CPU
		{0E34254D-E206-4DBF-8820-28BE8FAB9245}.Debug|Any CPU.ActiveCfg = Debug|Any CPU
		{0E34254D-E206-4DBF-8820-28BE8FAB9245}.Debug|Any CPU.Build.0 = Debug|Any CPU
		{0E34254D-E206-4DBF-8820-28BE8FAB9245}.Debug|x64.ActiveCfg = Debug|Any CPU
		{0E34254D-E206-4DBF-8820-28BE8FAB9245}.Debug|x64.Build.0 = Debug|Any CPU
		{0E34254D-E206-4DBF-8820-28BE8FAB9245}.Debug|x86.ActiveCfg = Debug|Any CPU
		{0E34254D-E206-4DBF-8820-28BE8FAB9245}.Debug|x86.Build.0 = Debug|Any CPU
		{0E34254D-E206-4DBF-8820-28BE8FAB9245}.Release|Any CPU.ActiveCfg = Release|Any CPU
		{0E34254D-E206-4DBF-8820-28BE8FAB9245}.Release|Any CPU.Build.0 = Release|Any CPU
		{0E34254D-E206-4DBF-8820-28BE8FAB9245}.Release|x64.ActiveCfg = Release|Any CPU
		{0E34254D-E206-4DBF-8820-28BE8FAB9245}.Release|x64.Build.0 = Release|Any CPU
		{0E34254D-E206-4DBF-8820-28BE8FAB9245}.Release|x86.ActiveCfg = Release|Any CPU
		{0E34254D-E206-4DBF-8820-28BE8FAB9245}.Release|x86.Build.0 = Release|Any CPU
		{5C61A90B-AADE-4276-AB6F-2411D625A297}.Debug|Any CPU.ActiveCfg = Debug|Any CPU
		{5C61A90B-AADE-4276-AB6F-2411D625A297}.Debug|Any CPU.Build.0 = Debug|Any CPU
		{5C61A90B-AADE-4276-AB6F-2411D625A297}.Debug|x64.ActiveCfg = Debug|Any CPU
		{5C61A90B-AADE-4276-AB6F-2411D625A297}.Debug|x64.Build.0 = Debug|Any CPU
		{5C61A90B-AADE-4276-AB6F-2411D625A297}.Debug|x86.ActiveCfg = Debug|Any CPU
		{5C61A90B-AADE-4276-AB6F-2411D625A297}.Debug|x86.Build.0 = Debug|Any CPU
		{5C61A90B-AADE-4276-AB6F-2411D625A297}.Release|Any CPU.ActiveCfg = Release|Any CPU
		{5C61A90B-AADE-4276-AB6F-2411D625A297}.Release|Any CPU.Build.0 = Release|Any CPU
		{5C61A90B-AADE-4276-AB6F-2411D625A297}.Release|x64.ActiveCfg = Release|Any CPU
		{5C61A90B-AADE-4276-AB6F-2411D625A297}.Release|x64.Build.0 = Release|Any CPU
		{5C61A90B-AADE-4276-AB6F-2411D625A297}.Release|x86.ActiveCfg = Release|Any CPU
		{5C61A90B-AADE-4276-AB6F-2411D625A297}.Release|x86.Build.0 = Release|Any CPU
		{A345991F-7654-4762-A2F7-9CE4C606B35E}.Debug|Any CPU.ActiveCfg = Debug|Any CPU
		{A345991F-7654-4762-A2F7-9CE4C606B35E}.Debug|Any CPU.Build.0 = Debug|Any CPU
		{A345991F-7654-4762-A2F7-9CE4C606B35E}.Debug|x64.ActiveCfg = Debug|Any CPU
		{A345991F-7654-4762-A2F7-9CE4C606B35E}.Debug|x64.Build.0 = Debug|Any CPU
		{A345991F-7654-4762-A2F7-9CE4C606B35E}.Debug|x86.ActiveCfg = Debug|Any CPU
		{A345991F-7654-4762-A2F7-9CE4C606B35E}.Debug|x86.Build.0 = Debug|Any CPU
		{A345991F-7654-4762-A2F7-9CE4C606B35E}.Release|Any CPU.ActiveCfg = Release|Any CPU
		{A345991F-7654-4762-A2F7-9CE4C606B35E}.Release|Any CPU.Build.0 = Release|Any CPU
		{A345991F-7654-4762-A2F7-9CE4C606B35E}.Release|x64.ActiveCfg = Release|Any CPU
		{A345991F-7654-4762-A2F7-9CE4C606B35E}.Release|x64.Build.0 = Release|Any CPU
		{A345991F-7654-4762-A2F7-9CE4C606B35E}.Release|x86.ActiveCfg = Release|Any CPU
		{A345991F-7654-4762-A2F7-9CE4C606B35E}.Release|x86.Build.0 = Release|Any CPU
		{C7B8A8AA-4978-4D0D-BA5B-C6F1203FAFDB}.Debug|Any CPU.ActiveCfg = Debug|Any CPU
		{C7B8A8AA-4978-4D0D-BA5B-C6F1203FAFDB}.Debug|Any CPU.Build.0 = Debug|Any CPU
		{C7B8A8AA-4978-4D0D-BA5B-C6F1203FAFDB}.Debug|x64.ActiveCfg = Debug|Any CPU
		{C7B8A8AA-4978-4D0D-BA5B-C6F1203FAFDB}.Debug|x64.Build.0 = Debug|Any CPU
		{C7B8A8AA-4978-4D0D-BA5B-C6F1203FAFDB}.Debug|x86.ActiveCfg = Debug|Any CPU
		{C7B8A8AA-4978-4D0D-BA5B-C6F1203FAFDB}.Debug|x86.Build.0 = Debug|Any CPU
		{C7B8A8AA-4978-4D0D-BA5B-C6F1203FAFDB}.Release|Any CPU.ActiveCfg = Release|Any CPU
		{C7B8A8AA-4978-4D0D-BA5B-C6F1203FAFDB}.Release|Any CPU.Build.0 = Release|Any CPU
		{C7B8A8AA-4978-4D0D-BA5B-C6F1203FAFDB}.Release|x64.ActiveCfg = Release|Any CPU
		{C7B8A8AA-4978-4D0D-BA5B-C6F1203FAFDB}.Release|x64.Build.0 = Release|Any CPU
		{C7B8A8AA-4978-4D0D-BA5B-C6F1203FAFDB}.Release|x86.ActiveCfg = Release|Any CPU
		{C7B8A8AA-4978-4D0D-BA5B-C6F1203FAFDB}.Release|x86.Build.0 = Release|Any CPU
		{4B64E147-5B11-4D7C-BF18-B42EEBFE1388}.Debug|Any CPU.ActiveCfg = Debug|Any CPU
		{4B64E147-5B11-4D7C-BF18-B42EEBFE1388}.Debug|Any CPU.Build.0 = Debug|Any CPU
		{4B64E147-5B11-4D7C-BF18-B42EEBFE1388}.Debug|x64.ActiveCfg = Debug|Any CPU
		{4B64E147-5B11-4D7C-BF18-B42EEBFE1388}.Debug|x64.Build.0 = Debug|Any CPU
		{4B64E147-5B11-4D7C-BF18-B42EEBFE1388}.Debug|x86.ActiveCfg = Debug|Any CPU
		{4B64E147-5B11-4D7C-BF18-B42EEBFE1388}.Debug|x86.Build.0 = Debug|Any CPU
		{4B64E147-5B11-4D7C-BF18-B42EEBFE1388}.Release|Any CPU.ActiveCfg = Release|Any CPU
		{4B64E147-5B11-4D7C-BF18-B42EEBFE1388}.Release|Any CPU.Build.0 = Release|Any CPU
		{4B64E147-5B11-4D7C-BF18-B42EEBFE1388}.Release|x64.ActiveCfg = Release|Any CPU
		{4B64E147-5B11-4D7C-BF18-B42EEBFE1388}.Release|x64.Build.0 = Release|Any CPU
		{4B64E147-5B11-4D7C-BF18-B42EEBFE1388}.Release|x86.ActiveCfg = Release|Any CPU
		{4B64E147-5B11-4D7C-BF18-B42EEBFE1388}.Release|x86.Build.0 = Release|Any CPU
		{9A32C15F-41E9-4CE7-92BE-D0990695517A}.Debug|Any CPU.ActiveCfg = Debug|Any CPU
		{9A32C15F-41E9-4CE7-92BE-D0990695517A}.Debug|Any CPU.Build.0 = Debug|Any CPU
		{9A32C15F-41E9-4CE7-92BE-D0990695517A}.Debug|x64.ActiveCfg = Debug|Any CPU
		{9A32C15F-41E9-4CE7-92BE-D0990695517A}.Debug|x64.Build.0 = Debug|Any CPU
		{9A32C15F-41E9-4CE7-92BE-D0990695517A}.Debug|x86.ActiveCfg = Debug|Any CPU
		{9A32C15F-41E9-4CE7-92BE-D0990695517A}.Debug|x86.Build.0 = Debug|Any CPU
		{9A32C15F-41E9-4CE7-92BE-D0990695517A}.Release|Any CPU.ActiveCfg = Release|Any CPU
		{9A32C15F-41E9-4CE7-92BE-D0990695517A}.Release|Any CPU.Build.0 = Release|Any CPU
		{9A32C15F-41E9-4CE7-92BE-D0990695517A}.Release|x64.ActiveCfg = Release|Any CPU
		{9A32C15F-41E9-4CE7-92BE-D0990695517A}.Release|x64.Build.0 = Release|Any CPU
		{9A32C15F-41E9-4CE7-92BE-D0990695517A}.Release|x86.ActiveCfg = Release|Any CPU
		{9A32C15F-41E9-4CE7-92BE-D0990695517A}.Release|x86.Build.0 = Release|Any CPU
	EndGlobalSection
	GlobalSection(SolutionProperties) = preSolution
		HideSolutionNode = FALSE
	EndGlobalSection
	GlobalSection(NestedProjects) = preSolution
		{81034408-37C8-1011-444E-4C15C2FADA8E} = {827E0CD3-B72D-47B6-A68D-7590B98EB39B}
		{7FC3923C-1361-469C-94FE-CE1A055FE765} = {81034408-37C8-1011-444E-4C15C2FADA8E}
		{622AB145-E650-4C63-97B4-F0720B1E6C73} = {81034408-37C8-1011-444E-4C15C2FADA8E}
		{09D86182-DF48-4FD9-A08F-35ADBBCF4124} = {81034408-37C8-1011-444E-4C15C2FADA8E}
		{33EA8879-E04B-49BB-A6AC-4D2999BB56E9} = {81034408-37C8-1011-444E-4C15C2FADA8E}
		{85F909CB-8F14-ECC8-BA9D-713D1771907F} = {827E0CD3-B72D-47B6-A68D-7590B98EB39B}
		{2C1F1BB2-AF02-456F-8A5C-D2A645AAFB7D} = {85F909CB-8F14-ECC8-BA9D-713D1771907F}
		{7246171B-5582-0C20-853E-9F55F4080CD2} = {0AB3BF05-4346-4AA6-1389-037BE0695223}
		{63BADD73-A682-44B7-8CE6-C377788015A8} = {7246171B-5582-0C20-853E-9F55F4080CD2}
		{ED2F3F96-0328-42A2-A208-A40B132DB669} = {81034408-37C8-1011-444E-4C15C2FADA8E}
		{00977A1F-9ACF-4E33-871D-D82B27B92199} = {81034408-37C8-1011-444E-4C15C2FADA8E}
		{BFE63D6D-7B34-7DB0-2003-DC76BAB4307B} = {0AB3BF05-4346-4AA6-1389-037BE0695223}
		{6F4F48FA-BAF3-4887-8456-1B92276268C7} = {BFE63D6D-7B34-7DB0-2003-DC76BAB4307B}
		{B7B0A6EA-6E13-57DB-3489-1AF858BB851A} = {827E0CD3-B72D-47B6-A68D-7590B98EB39B}
		{783CC9E8-A5A5-423C-84C4-07C96012BD09} = {B7B0A6EA-6E13-57DB-3489-1AF858BB851A}
		{B5A253F1-5522-4FF4-93A8-61268E2E20AF} = {B7B0A6EA-6E13-57DB-3489-1AF858BB851A}
		{B6B0B6C3-FA43-4355-922C-083F4BF87233} = {B7B0A6EA-6E13-57DB-3489-1AF858BB851A}
		{43CBA502-75A5-4B3F-A867-63C5EBE6BE5A} = {B7B0A6EA-6E13-57DB-3489-1AF858BB851A}
		{75AED6F0-2F83-6A41-5A93-EC467CF700AD} = {827E0CD3-B72D-47B6-A68D-7590B98EB39B}
		{16DD9F4D-D8A2-41BD-98E3-22ACA654A5AB} = {75AED6F0-2F83-6A41-5A93-EC467CF700AD}
		{EA9BFCFF-D1C2-8A8C-BB6A-7DC5AA59A539} = {0AB3BF05-4346-4AA6-1389-037BE0695223}
		{AB727E1F-4F4D-4112-9C8C-843AFBB93634} = {EA9BFCFF-D1C2-8A8C-BB6A-7DC5AA59A539}
		{7216DCF9-105F-F91C-25C5-1B38D100FAF2} = {827E0CD3-B72D-47B6-A68D-7590B98EB39B}
		{91ABDB34-255D-4A99-9168-A0748949C043} = {7216DCF9-105F-F91C-25C5-1B38D100FAF2}
		{B5FE7A54-9F82-2A19-41BB-EADC1D03919B} = {0AB3BF05-4346-4AA6-1389-037BE0695223}
		{15AFB2F2-ABF4-49D0-B053-E8C3C10B1800} = {B5FE7A54-9F82-2A19-41BB-EADC1D03919B}
		{4184268B-3652-C1F9-9FAE-41D551520428} = {0AB3BF05-4346-4AA6-1389-037BE0695223}
		{77EBAC31-92C5-4979-AEE7-E3C29EC3A651} = {4184268B-3652-C1F9-9FAE-41D551520428}
		{8CEBC608-D415-CA32-E24B-DC8C6EFC8720} = {827E0CD3-B72D-47B6-A68D-7590B98EB39B}
		{378D4C15-1620-40CA-B9FF-218138DAD585} = {8CEBC608-D415-CA32-E24B-DC8C6EFC8720}
		{CAD1A853-CECD-8149-DA75-E8054CF48A17} = {0AB3BF05-4346-4AA6-1389-037BE0695223}
		{7B4D4BB3-61A9-4CCC-BCDE-B0B4C85E96B1} = {CAD1A853-CECD-8149-DA75-E8054CF48A17}
		{E41DEC42-BFF6-9CED-AB67-E20137678450} = {0AB3BF05-4346-4AA6-1389-037BE0695223}
		{28826EE6-7355-44E4-A23B-2875992CF07A} = {E41DEC42-BFF6-9CED-AB67-E20137678450}
		{35625539-7BEF-985C-0FE7-9DD43CEA2E0A} = {827E0CD3-B72D-47B6-A68D-7590B98EB39B}
		{B3A7AFF3-3DF6-4C52-A512-64DA1E8903BE} = {35625539-7BEF-985C-0FE7-9DD43CEA2E0A}
		{2E730C98-DD41-3BD2-AE29-345A702DFDB9} = {0AB3BF05-4346-4AA6-1389-037BE0695223}
		{28DA2D79-5FAB-44E7-9ECE-1A2D37B60C91} = {2E730C98-DD41-3BD2-AE29-345A702DFDB9}
		{AF3B0DF7-83F7-4F34-8B6C-39974D6754C2} = {F07E7373-79FA-74F6-4D80-DED3D21536C0}
		{8BAD498E-1C81-4771-83C2-A3BCC654272C} = {04A78337-A097-7645-722D-54F8EB5F3818}
		{9B8E9A5B-C7A1-437D-E649-E0DA4A117D30} = {0AB3BF05-4346-4AA6-1389-037BE0695223}
		{0E34254D-E206-4DBF-8820-28BE8FAB9245} = {9B8E9A5B-C7A1-437D-E649-E0DA4A117D30}
		{FD4040AC-49DA-E10C-A5FF-9C08D4F23D68} = {827E0CD3-B72D-47B6-A68D-7590B98EB39B}
		{5C61A90B-AADE-4276-AB6F-2411D625A297} = {FD4040AC-49DA-E10C-A5FF-9C08D4F23D68}
		{B991E685-C119-073A-68E2-E894843102A5} = {0AB3BF05-4346-4AA6-1389-037BE0695223}
		{A345991F-7654-4762-A2F7-9CE4C606B35E} = {B991E685-C119-073A-68E2-E894843102A5}
		{C7B8A8AA-4978-4D0D-BA5B-C6F1203FAFDB} = {F9E71619-1916-1B61-D14E-A45DC5109111}
		{4B64E147-5B11-4D7C-BF18-B42EEBFE1388} = {DCDE4D2A-7218-DD54-6DD2-2E493817476E}
		{50DCF7CB-040F-2226-2F5D-0E45A01B3282} = {827E0CD3-B72D-47B6-A68D-7590B98EB39B}
		{9A32C15F-41E9-4CE7-92BE-D0990695517A} = {50DCF7CB-040F-2226-2F5D-0E45A01B3282}
	EndGlobalSection
EndGlobal
